// !$*UTF8*$!
{
	archiveVersion = 1;
	classes = {
	};
	objectVersion = 50;
	objects = {

/* Begin PBXBuildFile section */
		6B8BA151224867BC00007F77 /* AppDelegate.swift in Sources */ = {isa = PBXBuildFile; fileRef = 6B8BA150224867BC00007F77 /* AppDelegate.swift */; };
		6B8BA153224867BC00007F77 /* ViewController.swift in Sources */ = {isa = PBXBuildFile; fileRef = 6B8BA152224867BC00007F77 /* ViewController.swift */; };
		6B8BA158224867BD00007F77 /* Assets.xcassets in Resources */ = {isa = PBXBuildFile; fileRef = 6B8BA157224867BD00007F77 /* Assets.xcassets */; };
		6B8BA15B224867BD00007F77 /* LaunchScreen.storyboard in Resources */ = {isa = PBXBuildFile; fileRef = 6B8BA159224867BD00007F77 /* LaunchScreen.storyboard */; };
		6B8BA164224867E600007F77 /* LoginViewController.swift in Sources */ = {isa = PBXBuildFile; fileRef = 6B8BA163224867E600007F77 /* LoginViewController.swift */; };
		6B8BA1672248680F00007F77 /* CountrySelectedViewController.swift in Sources */ = {isa = PBXBuildFile; fileRef = 6B8BA1662248680F00007F77 /* CountrySelectedViewController.swift */; };
		6B8BA1692248682600007F77 /* CountrySelectedHeader.swift in Sources */ = {isa = PBXBuildFile; fileRef = 6B8BA1682248682600007F77 /* CountrySelectedHeader.swift */; };
		6B8BA16B2248684700007F77 /* CountrySelectedCell.swift in Sources */ = {isa = PBXBuildFile; fileRef = 6B8BA16A2248684700007F77 /* CountrySelectedCell.swift */; };
		6B8BA1702248688300007F77 /* MBProgressHUD.m in Sources */ = {isa = PBXBuildFile; fileRef = 6B8BA16D2248688300007F77 /* MBProgressHUD.m */; };
		6B8BA175224868C500007F77 /* SignupWithEmailViewController.swift in Sources */ = {isa = PBXBuildFile; fileRef = 6B8BA174224868C500007F77 /* SignupWithEmailViewController.swift */; };
		6B8BA177224868D900007F77 /* SignupWithPhoneViewController.swift in Sources */ = {isa = PBXBuildFile; fileRef = 6B8BA176224868D900007F77 /* SignupWithPhoneViewController.swift */; };
		6B8BA17A2248696A00007F77 /* Country.swift in Sources */ = {isa = PBXBuildFile; fileRef = 6B8BA1792248696A00007F77 /* Country.swift */; };
		6B8BA17D2248699500007F77 /* UIColor+Extension.swift in Sources */ = {isa = PBXBuildFile; fileRef = 6B8BA17C2248699500007F77 /* UIColor+Extension.swift */; };
		6B8BA17F224869A800007F77 /* UIView+Anchors.swift in Sources */ = {isa = PBXBuildFile; fileRef = 6B8BA17E224869A800007F77 /* UIView+Anchors.swift */; };
		6B8BA182224869C700007F77 /* Global.swift in Sources */ = {isa = PBXBuildFile; fileRef = 6B8BA181224869C700007F77 /* Global.swift */; };
/* End PBXBuildFile section */

/* Begin PBXFileReference section */
		6B8BA14D224867BC00007F77 /* Pairs.app */ = {isa = PBXFileReference; explicitFileType = wrapper.application; includeInIndex = 0; path = Pairs.app; sourceTree = BUILT_PRODUCTS_DIR; };
		6B8BA150224867BC00007F77 /* AppDelegate.swift */ = {isa = PBXFileReference; lastKnownFileType = sourcecode.swift; path = AppDelegate.swift; sourceTree = "<group>"; };
		6B8BA152224867BC00007F77 /* ViewController.swift */ = {isa = PBXFileReference; lastKnownFileType = sourcecode.swift; path = ViewController.swift; sourceTree = "<group>"; };
		6B8BA157224867BD00007F77 /* Assets.xcassets */ = {isa = PBXFileReference; lastKnownFileType = folder.assetcatalog; path = Assets.xcassets; sourceTree = "<group>"; };
		6B8BA15A224867BD00007F77 /* Base */ = {isa = PBXFileReference; lastKnownFileType = file.storyboard; name = Base; path = Base.lproj/LaunchScreen.storyboard; sourceTree = "<group>"; };
		6B8BA15C224867BD00007F77 /* Info.plist */ = {isa = PBXFileReference; lastKnownFileType = text.plist.xml; path = Info.plist; sourceTree = "<group>"; };
		6B8BA163224867E600007F77 /* LoginViewController.swift */ = {isa = PBXFileReference; lastKnownFileType = sourcecode.swift; path = LoginViewController.swift; sourceTree = "<group>"; };
		6B8BA1662248680F00007F77 /* CountrySelectedViewController.swift */ = {isa = PBXFileReference; lastKnownFileType = sourcecode.swift; path = CountrySelectedViewController.swift; sourceTree = "<group>"; };
		6B8BA1682248682600007F77 /* CountrySelectedHeader.swift */ = {isa = PBXFileReference; lastKnownFileType = sourcecode.swift; path = CountrySelectedHeader.swift; sourceTree = "<group>"; };
		6B8BA16A2248684700007F77 /* CountrySelectedCell.swift */ = {isa = PBXFileReference; lastKnownFileType = sourcecode.swift; path = CountrySelectedCell.swift; sourceTree = "<group>"; };
		6B8BA16C2248688200007F77 /* Pairs-Bridging-Header.h */ = {isa = PBXFileReference; lastKnownFileType = sourcecode.c.h; path = "Pairs-Bridging-Header.h"; sourceTree = "<group>"; };
		6B8BA16D2248688300007F77 /* MBProgressHUD.m */ = {isa = PBXFileReference; fileEncoding = 4; lastKnownFileType = sourcecode.c.objc; name = MBProgressHUD.m; path = "../../../Downloads/MBProgressHUD-master/MBProgressHUD.m"; sourceTree = "<group>"; };
		6B8BA16E2248688300007F77 /* MBProgressHUD.h */ = {isa = PBXFileReference; fileEncoding = 4; lastKnownFileType = sourcecode.c.h; name = MBProgressHUD.h; path = "../../../Downloads/MBProgressHUD-master/MBProgressHUD.h"; sourceTree = "<group>"; };
		6B8BA16F2248688300007F77 /* MBProgressHUD-Prefix.pch */ = {isa = PBXFileReference; fileEncoding = 4; lastKnownFileType = sourcecode.c.h; name = "MBProgressHUD-Prefix.pch"; path = "../../../Downloads/MBProgressHUD-master/MBProgressHUD-Prefix.pch"; sourceTree = "<group>"; };
		6B8BA174224868C500007F77 /* SignupWithEmailViewController.swift */ = {isa = PBXFileReference; lastKnownFileType = sourcecode.swift; path = SignupWithEmailViewController.swift; sourceTree = "<group>"; };
		6B8BA176224868D900007F77 /* SignupWithPhoneViewController.swift */ = {isa = PBXFileReference; lastKnownFileType = sourcecode.swift; path = SignupWithPhoneViewController.swift; sourceTree = "<group>"; };
		6B8BA1792248696A00007F77 /* Country.swift */ = {isa = PBXFileReference; lastKnownFileType = sourcecode.swift; path = Country.swift; sourceTree = "<group>"; };
		6B8BA17C2248699500007F77 /* UIColor+Extension.swift */ = {isa = PBXFileReference; lastKnownFileType = sourcecode.swift; path = "UIColor+Extension.swift"; sourceTree = "<group>"; };
		6B8BA17E224869A800007F77 /* UIView+Anchors.swift */ = {isa = PBXFileReference; lastKnownFileType = sourcecode.swift; path = "UIView+Anchors.swift"; sourceTree = "<group>"; };
		6B8BA181224869C700007F77 /* Global.swift */ = {isa = PBXFileReference; lastKnownFileType = sourcecode.swift; path = Global.swift; sourceTree = "<group>"; };
/* End PBXFileReference section */

/* Begin PBXFrameworksBuildPhase section */
		6B8BA14A224867BC00007F77 /* Frameworks */ = {
			isa = PBXFrameworksBuildPhase;
			buildActionMask = 2147483647;
			files = (
			);
			runOnlyForDeploymentPostprocessing = 0;
		};
/* End PBXFrameworksBuildPhase section */

/* Begin PBXGroup section */
		6B8BA144224867BC00007F77 = {
			isa = PBXGroup;
			children = (
				6B8BA180224869BA00007F77 /* Common */,
				6B8BA17B2248698800007F77 /* Extensions */,
				6B8BA1782248694800007F77 /* Models */,
				6B8BA14F224867BC00007F77 /* Pairs */,
				6B8BA14E224867BC00007F77 /* Products */,
			);
			sourceTree = "<group>";
		};
		6B8BA14E224867BC00007F77 /* Products */ = {
			isa = PBXGroup;
			children = (
				6B8BA14D224867BC00007F77 /* Pairs.app */,
			);
			name = Products;
			sourceTree = "<group>";
		};
		6B8BA14F224867BC00007F77 /* Pairs */ = {
			isa = PBXGroup;
			children = (
				6B8BA173224868B100007F77 /* Support file */,
				6B8BA172224868A800007F77 /* SignupWithPhone */,
				6B8BA1712248689C00007F77 /* SignupWithEmail */,
				6B8BA16F2248688300007F77 /* MBProgressHUD-Prefix.pch */,
				6B8BA16E2248688300007F77 /* MBProgressHUD.h */,
				6B8BA16D2248688300007F77 /* MBProgressHUD.m */,
				6B8BA16C2248688200007F77 /* Pairs-Bridging-Header.h */,
				6B8BA165224867FE00007F77 /* CountrySelected */,
				6B8BA162224867D300007F77 /* Login */,
				6B8BA150224867BC00007F77 /* AppDelegate.swift */,
				6B8BA152224867BC00007F77 /* ViewController.swift */,
			);
			path = Pairs;
			sourceTree = "<group>";
		};
		6B8BA162224867D300007F77 /* Login */ = {
			isa = PBXGroup;
			children = (
				6B8BA163224867E600007F77 /* LoginViewController.swift */,
			);
			path = Login;
			sourceTree = "<group>";
		};
		6B8BA165224867FE00007F77 /* CountrySelected */ = {
			isa = PBXGroup;
			children = (
				6B8BA1662248680F00007F77 /* CountrySelectedViewController.swift */,
				6B8BA1682248682600007F77 /* CountrySelectedHeader.swift */,
				6B8BA16A2248684700007F77 /* CountrySelectedCell.swift */,
			);
			path = CountrySelected;
			sourceTree = "<group>";
		};
		6B8BA1712248689C00007F77 /* SignupWithEmail */ = {
			isa = PBXGroup;
			children = (
				6B8BA174224868C500007F77 /* SignupWithEmailViewController.swift */,
			);
			path = SignupWithEmail;
			sourceTree = "<group>";
		};
		6B8BA172224868A800007F77 /* SignupWithPhone */ = {
			isa = PBXGroup;
			children = (
				6B8BA176224868D900007F77 /* SignupWithPhoneViewController.swift */,
			);
			path = SignupWithPhone;
			sourceTree = "<group>";
		};
		6B8BA173224868B100007F77 /* Support file */ = {
			isa = PBXGroup;
			children = (
				6B8BA157224867BD00007F77 /* Assets.xcassets */,
				6B8BA159224867BD00007F77 /* LaunchScreen.storyboard */,
				6B8BA15C224867BD00007F77 /* Info.plist */,
			);
			path = "Support file";
			sourceTree = "<group>";
		};
		6B8BA1782248694800007F77 /* Models */ = {
			isa = PBXGroup;
			children = (
				6B8BA1792248696A00007F77 /* Country.swift */,
			);
			path = Models;
			sourceTree = "<group>";
		};
		6B8BA17B2248698800007F77 /* Extensions */ = {
			isa = PBXGroup;
			children = (
				6B8BA17C2248699500007F77 /* UIColor+Extension.swift */,
				6B8BA17E224869A800007F77 /* UIView+Anchors.swift */,
			);
			path = Extensions;
			sourceTree = "<group>";
		};
		6B8BA180224869BA00007F77 /* Common */ = {
			isa = PBXGroup;
			children = (
				6B8BA181224869C700007F77 /* Global.swift */,
			);
			path = Common;
			sourceTree = "<group>";
		};
/* End PBXGroup section */

/* Begin PBXNativeTarget section */
		6B8BA14C224867BC00007F77 /* Pairs */ = {
			isa = PBXNativeTarget;
			buildConfigurationList = 6B8BA15F224867BE00007F77 /* Build configuration list for PBXNativeTarget "Pairs" */;
			buildPhases = (
				6B8BA149224867BC00007F77 /* Sources */,
				6B8BA14A224867BC00007F77 /* Frameworks */,
				6B8BA14B224867BC00007F77 /* Resources */,
			);
			buildRules = (
			);
			dependencies = (
			);
			name = Pairs;
			productName = Pairs;
			productReference = 6B8BA14D224867BC00007F77 /* Pairs.app */;
			productType = "com.apple.product-type.application";
		};
/* End PBXNativeTarget section */

/* Begin PBXProject section */
		6B8BA145224867BC00007F77 /* Project object */ = {
			isa = PBXProject;
			attributes = {
				LastSwiftUpdateCheck = 1010;
				LastUpgradeCheck = 1010;
				ORGANIZATIONNAME = liaoyuhao;
				TargetAttributes = {
					6B8BA14C224867BC00007F77 = {
						CreatedOnToolsVersion = 10.1;
						LastSwiftMigration = 1010;
					};
				};
			};
			buildConfigurationList = 6B8BA148224867BC00007F77 /* Build configuration list for PBXProject "Pairs" */;
			compatibilityVersion = "Xcode 9.3";
			developmentRegion = en;
			hasScannedForEncodings = 0;
			knownRegions = (
				en,
				Base,
			);
			mainGroup = 6B8BA144224867BC00007F77;
			productRefGroup = 6B8BA14E224867BC00007F77 /* Products */;
			projectDirPath = "";
			projectRoot = "";
			targets = (
				6B8BA14C224867BC00007F77 /* Pairs */,
			);
		};
/* End PBXProject section */

/* Begin PBXResourcesBuildPhase section */
		6B8BA14B224867BC00007F77 /* Resources */ = {
			isa = PBXResourcesBuildPhase;
			buildActionMask = 2147483647;
			files = (
				6B8BA15B224867BD00007F77 /* LaunchScreen.storyboard in Resources */,
				6B8BA158224867BD00007F77 /* Assets.xcassets in Resources */,
			);
			runOnlyForDeploymentPostprocessing = 0;
		};
/* End PBXResourcesBuildPhase section */

/* Begin PBXSourcesBuildPhase section */
		6B8BA149224867BC00007F77 /* Sources */ = {
			isa = PBXSourcesBuildPhase;
			buildActionMask = 2147483647;
			files = (
				6B8BA164224867E600007F77 /* LoginViewController.swift in Sources */,
				6B8BA17F224869A800007F77 /* UIView+Anchors.swift in Sources */,
				6B8BA177224868D900007F77 /* SignupWithPhoneViewController.swift in Sources */,
				6B8BA1692248682600007F77 /* CountrySelectedHeader.swift in Sources */,
				6B8BA17D2248699500007F77 /* UIColor+Extension.swift in Sources */,
				6B8BA182224869C700007F77 /* Global.swift in Sources */,
				6B8BA153224867BC00007F77 /* ViewController.swift in Sources */,
				6B8BA16B2248684700007F77 /* CountrySelectedCell.swift in Sources */,
				6B8BA1672248680F00007F77 /* CountrySelectedViewController.swift in Sources */,
				6B8BA151224867BC00007F77 /* AppDelegate.swift in Sources */,
				6B8BA1702248688300007F77 /* MBProgressHUD.m in Sources */,
				6B8BA17A2248696A00007F77 /* Country.swift in Sources */,
				6B8BA175224868C500007F77 /* SignupWithEmailViewController.swift in Sources */,
			);
			runOnlyForDeploymentPostprocessing = 0;
		};
/* End PBXSourcesBuildPhase section */

/* Begin PBXVariantGroup section */
		6B8BA159224867BD00007F77 /* LaunchScreen.storyboard */ = {
			isa = PBXVariantGroup;
			children = (
				6B8BA15A224867BD00007F77 /* Base */,
			);
			name = LaunchScreen.storyboard;
			sourceTree = "<group>";
		};
/* End PBXVariantGroup section */

/* Begin XCBuildConfiguration section */
		6B8BA15D224867BE00007F77 /* Debug */ = {
			isa = XCBuildConfiguration;
			buildSettings = {
				ALWAYS_SEARCH_USER_PATHS = NO;
				CLANG_ANALYZER_NONNULL = YES;
				CLANG_ANALYZER_NUMBER_OBJECT_CONVERSION = YES_AGGRESSIVE;
				CLANG_CXX_LANGUAGE_STANDARD = "gnu++14";
				CLANG_CXX_LIBRARY = "libc++";
				CLANG_ENABLE_MODULES = YES;
				CLANG_ENABLE_OBJC_ARC = YES;
				CLANG_ENABLE_OBJC_WEAK = YES;
				CLANG_WARN_BLOCK_CAPTURE_AUTORELEASING = YES;
				CLANG_WARN_BOOL_CONVERSION = YES;
				CLANG_WARN_COMMA = YES;
				CLANG_WARN_CONSTANT_CONVERSION = YES;
				CLANG_WARN_DEPRECATED_OBJC_IMPLEMENTATIONS = YES;
				CLANG_WARN_DIRECT_OBJC_ISA_USAGE = YES_ERROR;
				CLANG_WARN_DOCUMENTATION_COMMENTS = YES;
				CLANG_WARN_EMPTY_BODY = YES;
				CLANG_WARN_ENUM_CONVERSION = YES;
				CLANG_WARN_INFINITE_RECURSION = YES;
				CLANG_WARN_INT_CONVERSION = YES;
				CLANG_WARN_NON_LITERAL_NULL_CONVERSION = YES;
				CLANG_WARN_OBJC_IMPLICIT_RETAIN_SELF = YES;
				CLANG_WARN_OBJC_LITERAL_CONVERSION = YES;
				CLANG_WARN_OBJC_ROOT_CLASS = YES_ERROR;
				CLANG_WARN_RANGE_LOOP_ANALYSIS = YES;
				CLANG_WARN_STRICT_PROTOTYPES = YES;
				CLANG_WARN_SUSPICIOUS_MOVE = YES;
				CLANG_WARN_UNGUARDED_AVAILABILITY = YES_AGGRESSIVE;
				CLANG_WARN_UNREACHABLE_CODE = YES;
				CLANG_WARN__DUPLICATE_METHOD_MATCH = YES;
				CODE_SIGN_IDENTITY = "iPhone Developer";
				COPY_PHASE_STRIP = NO;
				DEBUG_INFORMATION_FORMAT = dwarf;
				ENABLE_STRICT_OBJC_MSGSEND = YES;
				ENABLE_TESTABILITY = YES;
				GCC_C_LANGUAGE_STANDARD = gnu11;
				GCC_DYNAMIC_NO_PIC = NO;
				GCC_NO_COMMON_BLOCKS = YES;
				GCC_OPTIMIZATION_LEVEL = 0;
				GCC_PREPROCESSOR_DEFINITIONS = (
					"DEBUG=1",
					"$(inherited)",
				);
				GCC_WARN_64_TO_32_BIT_CONVERSION = YES;
				GCC_WARN_ABOUT_RETURN_TYPE = YES_ERROR;
				GCC_WARN_UNDECLARED_SELECTOR = YES;
				GCC_WARN_UNINITIALIZED_AUTOS = YES_AGGRESSIVE;
				GCC_WARN_UNUSED_FUNCTION = YES;
				GCC_WARN_UNUSED_VARIABLE = YES;
				IPHONEOS_DEPLOYMENT_TARGET = 12.1;
				MTL_ENABLE_DEBUG_INFO = INCLUDE_SOURCE;
				MTL_FAST_MATH = YES;
				ONLY_ACTIVE_ARCH = YES;
				SDKROOT = iphoneos;
				SWIFT_ACTIVE_COMPILATION_CONDITIONS = DEBUG;
				SWIFT_OPTIMIZATION_LEVEL = "-Onone";
			};
			name = Debug;
		};
		6B8BA15E224867BE00007F77 /* Release */ = {
			isa = XCBuildConfiguration;
			buildSettings = {
				ALWAYS_SEARCH_USER_PATHS = NO;
				CLANG_ANALYZER_NONNULL = YES;
				CLANG_ANALYZER_NUMBER_OBJECT_CONVERSION = YES_AGGRESSIVE;
				CLANG_CXX_LANGUAGE_STANDARD = "gnu++14";
				CLANG_CXX_LIBRARY = "libc++";
				CLANG_ENABLE_MODULES = YES;
				CLANG_ENABLE_OBJC_ARC = YES;
				CLANG_ENABLE_OBJC_WEAK = YES;
				CLANG_WARN_BLOCK_CAPTURE_AUTORELEASING = YES;
				CLANG_WARN_BOOL_CONVERSION = YES;
				CLANG_WARN_COMMA = YES;
				CLANG_WARN_CONSTANT_CONVERSION = YES;
				CLANG_WARN_DEPRECATED_OBJC_IMPLEMENTATIONS = YES;
				CLANG_WARN_DIRECT_OBJC_ISA_USAGE = YES_ERROR;
				CLANG_WARN_DOCUMENTATION_COMMENTS = YES;
				CLANG_WARN_EMPTY_BODY = YES;
				CLANG_WARN_ENUM_CONVERSION = YES;
				CLANG_WARN_INFINITE_RECURSION = YES;
				CLANG_WARN_INT_CONVERSION = YES;
				CLANG_WARN_NON_LITERAL_NULL_CONVERSION = YES;
				CLANG_WARN_OBJC_IMPLICIT_RETAIN_SELF = YES;
				CLANG_WARN_OBJC_LITERAL_CONVERSION = YES;
				CLANG_WARN_OBJC_ROOT_CLASS = YES_ERROR;
				CLANG_WARN_RANGE_LOOP_ANALYSIS = YES;
				CLANG_WARN_STRICT_PROTOTYPES = YES;
				CLANG_WARN_SUSPICIOUS_MOVE = YES;
				CLANG_WARN_UNGUARDED_AVAILABILITY = YES_AGGRESSIVE;
				CLANG_WARN_UNREACHABLE_CODE = YES;
				CLANG_WARN__DUPLICATE_METHOD_MATCH = YES;
				CODE_SIGN_IDENTITY = "iPhone Developer";
				COPY_PHASE_STRIP = NO;
				DEBUG_INFORMATION_FORMAT = "dwarf-with-dsym";
				ENABLE_NS_ASSERTIONS = NO;
				ENABLE_STRICT_OBJC_MSGSEND = YES;
				GCC_C_LANGUAGE_STANDARD = gnu11;
				GCC_NO_COMMON_BLOCKS = YES;
				GCC_WARN_64_TO_32_BIT_CONVERSION = YES;
				GCC_WARN_ABOUT_RETURN_TYPE = YES_ERROR;
				GCC_WARN_UNDECLARED_SELECTOR = YES;
				GCC_WARN_UNINITIALIZED_AUTOS = YES_AGGRESSIVE;
				GCC_WARN_UNUSED_FUNCTION = YES;
				GCC_WARN_UNUSED_VARIABLE = YES;
				IPHONEOS_DEPLOYMENT_TARGET = 12.1;
				MTL_ENABLE_DEBUG_INFO = NO;
				MTL_FAST_MATH = YES;
				SDKROOT = iphoneos;
				SWIFT_COMPILATION_MODE = wholemodule;
				SWIFT_OPTIMIZATION_LEVEL = "-O";
				VALIDATE_PRODUCT = YES;
			};
			name = Release;
		};
		6B8BA160224867BE00007F77 /* Debug */ = {
			isa = XCBuildConfiguration;
			buildSettings = {
				ASSETCATALOG_COMPILER_APPICON_NAME = AppIcon;
				CLANG_ENABLE_MODULES = YES;
				CODE_SIGN_STYLE = Automatic;
				INFOPLIST_FILE = "$(SRCROOT)/Pairs/Support file/Info.plist";
				LD_RUNPATH_SEARCH_PATHS = (
					"$(inherited)",
					"@executable_path/Frameworks",
				);
				PRODUCT_BUNDLE_IDENTIFIER = com.athena.Pairs;
				PRODUCT_NAME = "$(TARGET_NAME)";
				SWIFT_OBJC_BRIDGING_HEADER = "Pairs/Pairs-Bridging-Header.h";
				SWIFT_OPTIMIZATION_LEVEL = "-Onone";
				SWIFT_VERSION = 4.2;
				TARGETED_DEVICE_FAMILY = "1,2";
			};
			name = Debug;
		};
		6B8BA161224867BE00007F77 /* Release */ = {
			isa = XCBuildConfiguration;
			buildSettings = {
				ASSETCATALOG_COMPILER_APPICON_NAME = AppIcon;
				CLANG_ENABLE_MODULES = YES;
				CODE_SIGN_STYLE = Automatic;
				INFOPLIST_FILE = "$(SRCROOT)/Pairs/Support file/Info.plist";
				LD_RUNPATH_SEARCH_PATHS = (
					"$(inherited)",
					"@executable_path/Frameworks",
				);
				PRODUCT_BUNDLE_IDENTIFIER = com.athena.Pairs;
				PRODUCT_NAME = "$(TARGET_NAME)";
				SWIFT_OBJC_BRIDGING_HEADER = "Pairs/Pairs-Bridging-Header.h";
				SWIFT_VERSION = 4.2;
				TARGETED_DEVICE_FAMILY = "1,2";
			};
			name = Release;
		};
/* End XCBuildConfiguration section */

/* Begin XCConfigurationList section */
		6B8BA148224867BC00007F77 /* Build configuration list for PBXProject "Pairs" */ = {
			isa = XCConfigurationList;
			buildConfigurations = (
				6B8BA15D224867BE00007F77 /* Debug */,
				6B8BA15E224867BE00007F77 /* Release */,
			);
			defaultConfigurationIsVisible = 0;
			defaultConfigurationName = Release;
		};
		6B8BA15F224867BE00007F77 /* Build configuration list for PBXNativeTarget "Pairs" */ = {
			isa = XCConfigurationList;
			buildConfigurations = (
				6B8BA160224867BE00007F77 /* Debug */,
				6B8BA161224867BE00007F77 /* Release */,
			);
			defaultConfigurationIsVisible = 0;
			defaultConfigurationName = Release;
		};
/* End XCConfigurationList section */
	};
	rootObject = 6B8BA145224867BC00007F77 /* Project object */;
}
